// !$*UTF8*$!
{
	archiveVersion = 1;
	classes = {
	};
	objectVersion = 46;
	objects = {

/* Begin PBXBuildFile section */
		04D91EEB5C6F9EA18875D1C9 /* Pods_userPostListAppTests.framework in Frameworks */ = {isa = PBXBuildFile; fileRef = 1F90FED03E4F7BB484499DA4 /* Pods_userPostListAppTests.framework */; };
		4DC4B974F9E939B4C15E9229 /* Pods_userPostListAppUITests.framework in Frameworks */ = {isa = PBXBuildFile; fileRef = 0D53245478D87E1D3265ED92 /* Pods_userPostListAppUITests.framework */; };
		717303627967CDE92C877571 /* Pods_userPostListApp.framework in Frameworks */ = {isa = PBXBuildFile; fileRef = AF8D010DC4EE298DE675097B /* Pods_userPostListApp.framework */; };
		EC8184621E5093B40096AB6A /* AppDelegate.swift in Sources */ = {isa = PBXBuildFile; fileRef = EC8184611E5093B40096AB6A /* AppDelegate.swift */; };
		EC8184671E5093B40096AB6A /* Main.storyboard in Resources */ = {isa = PBXBuildFile; fileRef = EC8184651E5093B40096AB6A /* Main.storyboard */; };
		EC8184691E5093B40096AB6A /* Assets.xcassets in Resources */ = {isa = PBXBuildFile; fileRef = EC8184681E5093B40096AB6A /* Assets.xcassets */; };
		EC81846C1E5093B40096AB6A /* LaunchScreen.storyboard in Resources */ = {isa = PBXBuildFile; fileRef = EC81846A1E5093B40096AB6A /* LaunchScreen.storyboard */; };
		EC8184771E5093B40096AB6A /* userPostListAppTests.swift in Sources */ = {isa = PBXBuildFile; fileRef = EC8184761E5093B40096AB6A /* userPostListAppTests.swift */; };
		EC8184821E5093B40096AB6A /* userPostListAppUITests.swift in Sources */ = {isa = PBXBuildFile; fileRef = EC8184811E5093B40096AB6A /* userPostListAppUITests.swift */; };
		EC8184901E509BC80096AB6A /* User.swift in Sources */ = {isa = PBXBuildFile; fileRef = EC81848F1E509BC80096AB6A /* User.swift */; };
		EC8184921E509BF80096AB6A /* UserAddress.swift in Sources */ = {isa = PBXBuildFile; fileRef = EC8184911E509BF80096AB6A /* UserAddress.swift */; };
		EC8184941E509C310096AB6A /* UserCompany.swift in Sources */ = {isa = PBXBuildFile; fileRef = EC8184931E509C310096AB6A /* UserCompany.swift */; };
		EC8184971E509DE50096AB6A /* UsersViewController.swift in Sources */ = {isa = PBXBuildFile; fileRef = EC8184961E509DE50096AB6A /* UsersViewController.swift */; };
		EC8184991E509E500096AB6A /* webServiceManager.swift in Sources */ = {isa = PBXBuildFile; fileRef = EC8184981E509E500096AB6A /* webServiceManager.swift */; };
		EC81849E1E50A25B0096AB6A /* UserTableViewCell.swift in Sources */ = {isa = PBXBuildFile; fileRef = EC81849D1E50A25B0096AB6A /* UserTableViewCell.swift */; };
		EC8184A01E50A7470096AB6A /* Constants.swift in Sources */ = {isa = PBXBuildFile; fileRef = EC81849F1E50A7470096AB6A /* Constants.swift */; };
		EC8184A21E50E4310096AB6A /* Post.swift in Sources */ = {isa = PBXBuildFile; fileRef = EC8184A11E50E4310096AB6A /* Post.swift */; };
		EC8184A51E50E9DE0096AB6A /* PostsViewController.swift in Sources */ = {isa = PBXBuildFile; fileRef = EC8184A41E50E9DE0096AB6A /* PostsViewController.swift */; };
		EC8184A71E50EA300096AB6A /* PostsTableViewCell.swift in Sources */ = {isa = PBXBuildFile; fileRef = EC8184A61E50EA300096AB6A /* PostsTableViewCell.swift */; };
/* End PBXBuildFile section */

/* Begin PBXContainerItemProxy section */
		EC8184731E5093B40096AB6A /* PBXContainerItemProxy */ = {
			isa = PBXContainerItemProxy;
			containerPortal = EC8184561E5093B40096AB6A /* Project object */;
			proxyType = 1;
			remoteGlobalIDString = EC81845D1E5093B40096AB6A;
			remoteInfo = userPostListApp;
		};
		EC81847E1E5093B40096AB6A /* PBXContainerItemProxy */ = {
			isa = PBXContainerItemProxy;
			containerPortal = EC8184561E5093B40096AB6A /* Project object */;
			proxyType = 1;
			remoteGlobalIDString = EC81845D1E5093B40096AB6A;
			remoteInfo = userPostListApp;
		};
/* End PBXContainerItemProxy section */

/* Begin PBXFileReference section */
		0271322423A62944DD7A2FF6 /* Pods-userPostListAppTests.release.xcconfig */ = {isa = PBXFileReference; includeInIndex = 1; lastKnownFileType = text.xcconfig; name = "Pods-userPostListAppTests.release.xcconfig"; path = "Pods/Target Support Files/Pods-userPostListAppTests/Pods-userPostListAppTests.release.xcconfig"; sourceTree = "<group>"; };
		0D53245478D87E1D3265ED92 /* Pods_userPostListAppUITests.framework */ = {isa = PBXFileReference; explicitFileType = wrapper.framework; includeInIndex = 0; path = Pods_userPostListAppUITests.framework; sourceTree = BUILT_PRODUCTS_DIR; };
		1F90FED03E4F7BB484499DA4 /* Pods_userPostListAppTests.framework */ = {isa = PBXFileReference; explicitFileType = wrapper.framework; includeInIndex = 0; path = Pods_userPostListAppTests.framework; sourceTree = BUILT_PRODUCTS_DIR; };
		45D0B5F5C00A6B790698B781 /* Pods-userPostListAppTests.debug.xcconfig */ = {isa = PBXFileReference; includeInIndex = 1; lastKnownFileType = text.xcconfig; name = "Pods-userPostListAppTests.debug.xcconfig"; path = "Pods/Target Support Files/Pods-userPostListAppTests/Pods-userPostListAppTests.debug.xcconfig"; sourceTree = "<group>"; };
		4CA146212A93117D138CAD1F /* Pods-userPostListAppUITests.release.xcconfig */ = {isa = PBXFileReference; includeInIndex = 1; lastKnownFileType = text.xcconfig; name = "Pods-userPostListAppUITests.release.xcconfig"; path = "Pods/Target Support Files/Pods-userPostListAppUITests/Pods-userPostListAppUITests.release.xcconfig"; sourceTree = "<group>"; };
		7D089F0B8528E49A9EB186DE /* Pods-userPostListAppUITests.debug.xcconfig */ = {isa = PBXFileReference; includeInIndex = 1; lastKnownFileType = text.xcconfig; name = "Pods-userPostListAppUITests.debug.xcconfig"; path = "Pods/Target Support Files/Pods-userPostListAppUITests/Pods-userPostListAppUITests.debug.xcconfig"; sourceTree = "<group>"; };
		AF8D010DC4EE298DE675097B /* Pods_userPostListApp.framework */ = {isa = PBXFileReference; explicitFileType = wrapper.framework; includeInIndex = 0; path = Pods_userPostListApp.framework; sourceTree = BUILT_PRODUCTS_DIR; };
		BEF0A0004EA7A56BBE9207E3 /* Pods-userPostListApp.release.xcconfig */ = {isa = PBXFileReference; includeInIndex = 1; lastKnownFileType = text.xcconfig; name = "Pods-userPostListApp.release.xcconfig"; path = "Pods/Target Support Files/Pods-userPostListApp/Pods-userPostListApp.release.xcconfig"; sourceTree = "<group>"; };
		DBAEE5511753A0D9703AB37D /* Pods-userPostListApp.debug.xcconfig */ = {isa = PBXFileReference; includeInIndex = 1; lastKnownFileType = text.xcconfig; name = "Pods-userPostListApp.debug.xcconfig"; path = "Pods/Target Support Files/Pods-userPostListApp/Pods-userPostListApp.debug.xcconfig"; sourceTree = "<group>"; };
		EC81845E1E5093B40096AB6A /* userPostListApp.app */ = {isa = PBXFileReference; explicitFileType = wrapper.application; includeInIndex = 0; path = userPostListApp.app; sourceTree = BUILT_PRODUCTS_DIR; };
		EC8184611E5093B40096AB6A /* AppDelegate.swift */ = {isa = PBXFileReference; lastKnownFileType = sourcecode.swift; path = AppDelegate.swift; sourceTree = "<group>"; };
		EC8184661E5093B40096AB6A /* Base */ = {isa = PBXFileReference; lastKnownFileType = file.storyboard; name = Base; path = Base.lproj/Main.storyboard; sourceTree = "<group>"; };
		EC8184681E5093B40096AB6A /* Assets.xcassets */ = {isa = PBXFileReference; lastKnownFileType = folder.assetcatalog; path = Assets.xcassets; sourceTree = "<group>"; };
		EC81846B1E5093B40096AB6A /* Base */ = {isa = PBXFileReference; lastKnownFileType = file.storyboard; name = Base; path = Base.lproj/LaunchScreen.storyboard; sourceTree = "<group>"; };
		EC81846D1E5093B40096AB6A /* Info.plist */ = {isa = PBXFileReference; lastKnownFileType = text.plist.xml; path = Info.plist; sourceTree = "<group>"; };
		EC8184721E5093B40096AB6A /* userPostListAppTests.xctest */ = {isa = PBXFileReference; explicitFileType = wrapper.cfbundle; includeInIndex = 0; path = userPostListAppTests.xctest; sourceTree = BUILT_PRODUCTS_DIR; };
		EC8184761E5093B40096AB6A /* userPostListAppTests.swift */ = {isa = PBXFileReference; lastKnownFileType = sourcecode.swift; path = userPostListAppTests.swift; sourceTree = "<group>"; };
		EC8184781E5093B40096AB6A /* Info.plist */ = {isa = PBXFileReference; lastKnownFileType = text.plist.xml; path = Info.plist; sourceTree = "<group>"; };
		EC81847D1E5093B40096AB6A /* userPostListAppUITests.xctest */ = {isa = PBXFileReference; explicitFileType = wrapper.cfbundle; includeInIndex = 0; path = userPostListAppUITests.xctest; sourceTree = BUILT_PRODUCTS_DIR; };
		EC8184811E5093B40096AB6A /* userPostListAppUITests.swift */ = {isa = PBXFileReference; lastKnownFileType = sourcecode.swift; path = userPostListAppUITests.swift; sourceTree = "<group>"; };
		EC8184831E5093B40096AB6A /* Info.plist */ = {isa = PBXFileReference; lastKnownFileType = text.plist.xml; path = Info.plist; sourceTree = "<group>"; };
		EC81848F1E509BC80096AB6A /* User.swift */ = {isa = PBXFileReference; fileEncoding = 4; lastKnownFileType = sourcecode.swift; path = User.swift; sourceTree = "<group>"; };
		EC8184911E509BF80096AB6A /* UserAddress.swift */ = {isa = PBXFileReference; fileEncoding = 4; lastKnownFileType = sourcecode.swift; path = UserAddress.swift; sourceTree = "<group>"; };
		EC8184931E509C310096AB6A /* UserCompany.swift */ = {isa = PBXFileReference; fileEncoding = 4; lastKnownFileType = sourcecode.swift; path = UserCompany.swift; sourceTree = "<group>"; };
		EC8184961E509DE50096AB6A /* UsersViewController.swift */ = {isa = PBXFileReference; fileEncoding = 4; lastKnownFileType = sourcecode.swift; path = UsersViewController.swift; sourceTree = "<group>"; };
		EC8184981E509E500096AB6A /* webServiceManager.swift */ = {isa = PBXFileReference; fileEncoding = 4; lastKnownFileType = sourcecode.swift; path = webServiceManager.swift; sourceTree = "<group>"; };
		EC81849D1E50A25B0096AB6A /* UserTableViewCell.swift */ = {isa = PBXFileReference; fileEncoding = 4; lastKnownFileType = sourcecode.swift; path = UserTableViewCell.swift; sourceTree = "<group>"; };
		EC81849F1E50A7470096AB6A /* Constants.swift */ = {isa = PBXFileReference; fileEncoding = 4; lastKnownFileType = sourcecode.swift; path = Constants.swift; sourceTree = "<group>"; };
		EC8184A11E50E4310096AB6A /* Post.swift */ = {isa = PBXFileReference; fileEncoding = 4; lastKnownFileType = sourcecode.swift; path = Post.swift; sourceTree = "<group>"; };
		EC8184A41E50E9DE0096AB6A /* PostsViewController.swift */ = {isa = PBXFileReference; fileEncoding = 4; lastKnownFileType = sourcecode.swift; name = PostsViewController.swift; path = ../PostsViewController.swift; sourceTree = "<group>"; };
		EC8184A61E50EA300096AB6A /* PostsTableViewCell.swift */ = {isa = PBXFileReference; fileEncoding = 4; lastKnownFileType = sourcecode.swift; path = PostsTableViewCell.swift; sourceTree = "<group>"; };
/* End PBXFileReference section */

/* Begin PBXFrameworksBuildPhase section */
		EC81845B1E5093B40096AB6A /* Frameworks */ = {
			isa = PBXFrameworksBuildPhase;
			buildActionMask = 2147483647;
			files = (
				717303627967CDE92C877571 /* Pods_userPostListApp.framework in Frameworks */,
			);
			runOnlyForDeploymentPostprocessing = 0;
		};
		EC81846F1E5093B40096AB6A /* Frameworks */ = {
			isa = PBXFrameworksBuildPhase;
			buildActionMask = 2147483647;
			files = (
				04D91EEB5C6F9EA18875D1C9 /* Pods_userPostListAppTests.framework in Frameworks */,
			);
			runOnlyForDeploymentPostprocessing = 0;
		};
		EC81847A1E5093B40096AB6A /* Frameworks */ = {
			isa = PBXFrameworksBuildPhase;
			buildActionMask = 2147483647;
			files = (
				4DC4B974F9E939B4C15E9229 /* Pods_userPostListAppUITests.framework in Frameworks */,
			);
			runOnlyForDeploymentPostprocessing = 0;
		};
/* End PBXFrameworksBuildPhase section */

/* Begin PBXGroup section */
		3952B21BC16816D841601A60 /* Frameworks */ = {
			isa = PBXGroup;
			children = (
				AF8D010DC4EE298DE675097B /* Pods_userPostListApp.framework */,
				1F90FED03E4F7BB484499DA4 /* Pods_userPostListAppTests.framework */,
				0D53245478D87E1D3265ED92 /* Pods_userPostListAppUITests.framework */,
			);
			name = Frameworks;
			sourceTree = "<group>";
		};
		EC8184551E5093B40096AB6A = {
			isa = PBXGroup;
			children = (
				EC8184601E5093B40096AB6A /* userPostListApp */,
				EC8184751E5093B40096AB6A /* userPostListAppTests */,
				EC8184801E5093B40096AB6A /* userPostListAppUITests */,
				EC81845F1E5093B40096AB6A /* Products */,
				EF25AD315E6AE9FE3D03FE3A /* Pods */,
				3952B21BC16816D841601A60 /* Frameworks */,
			);
			sourceTree = "<group>";
		};
		EC81845F1E5093B40096AB6A /* Products */ = {
			isa = PBXGroup;
			children = (
				EC81845E1E5093B40096AB6A /* userPostListApp.app */,
				EC8184721E5093B40096AB6A /* userPostListAppTests.xctest */,
				EC81847D1E5093B40096AB6A /* userPostListAppUITests.xctest */,
			);
			name = Products;
			sourceTree = "<group>";
		};
		EC8184601E5093B40096AB6A /* userPostListApp */ = {
			isa = PBXGroup;
			children = (
				EC81849F1E50A7470096AB6A /* Constants.swift */,
				EC8184611E5093B40096AB6A /* AppDelegate.swift */,
				EC81849A1E509E5B0096AB6A /* Service Manager */,
				EC8184951E509C3D0096AB6A /* User Model */,
				EC8184A31E50E43D0096AB6A /* Post Model */,
				EC8184A81E50FC6F0096AB6A /* View Controllers */,
				EC8184651E5093B40096AB6A /* Main.storyboard */,
				EC8184681E5093B40096AB6A /* Assets.xcassets */,
				EC81846A1E5093B40096AB6A /* LaunchScreen.storyboard */,
				EC81846D1E5093B40096AB6A /* Info.plist */,
			);
			path = userPostListApp;
			sourceTree = "<group>";
		};
		EC8184751E5093B40096AB6A /* userPostListAppTests */ = {
			isa = PBXGroup;
			children = (
				EC8184761E5093B40096AB6A /* userPostListAppTests.swift */,
				EC8184781E5093B40096AB6A /* Info.plist */,
			);
			path = userPostListAppTests;
			sourceTree = "<group>";
		};
		EC8184801E5093B40096AB6A /* userPostListAppUITests */ = {
			isa = PBXGroup;
			children = (
				EC8184811E5093B40096AB6A /* userPostListAppUITests.swift */,
				EC8184831E5093B40096AB6A /* Info.plist */,
			);
			path = userPostListAppUITests;
			sourceTree = "<group>";
		};
		EC8184951E509C3D0096AB6A /* User Model */ = {
			isa = PBXGroup;
			children = (
				EC81848F1E509BC80096AB6A /* User.swift */,
				EC8184931E509C310096AB6A /* UserCompany.swift */,
				EC8184911E509BF80096AB6A /* UserAddress.swift */,
			);
			name = "User Model";
			sourceTree = "<group>";
		};
		EC81849A1E509E5B0096AB6A /* Service Manager */ = {
			isa = PBXGroup;
			children = (
				EC8184981E509E500096AB6A /* webServiceManager.swift */,
			);
			name = "Service Manager";
			sourceTree = "<group>";
		};
		EC8184A31E50E43D0096AB6A /* Post Model */ = {
			isa = PBXGroup;
			children = (
				EC8184A11E50E4310096AB6A /* Post.swift */,
			);
			name = "Post Model";
			sourceTree = "<group>";
		};
		EC8184A81E50FC6F0096AB6A /* View Controllers */ = {
			isa = PBXGroup;
			children = (
				EC8184A91E50FC7E0096AB6A /* Users View Controller */,
				EC8184AA1E50FC980096AB6A /* Posts View Controller */,
			);
			name = "View Controllers";
			sourceTree = "<group>";
		};
		EC8184A91E50FC7E0096AB6A /* Users View Controller */ = {
			isa = PBXGroup;
			children = (
				EC8184961E509DE50096AB6A /* UsersViewController.swift */,
				EC81849D1E50A25B0096AB6A /* UserTableViewCell.swift */,
			);
			name = "Users View Controller";
			sourceTree = "<group>";
		};
		EC8184AA1E50FC980096AB6A /* Posts View Controller */ = {
			isa = PBXGroup;
			children = (
				EC8184A41E50E9DE0096AB6A /* PostsViewController.swift */,
				EC8184A61E50EA300096AB6A /* PostsTableViewCell.swift */,
			);
			name = "Posts View Controller";
			sourceTree = "<group>";
		};
		EF25AD315E6AE9FE3D03FE3A /* Pods */ = {
			isa = PBXGroup;
			children = (
				DBAEE5511753A0D9703AB37D /* Pods-userPostListApp.debug.xcconfig */,
				BEF0A0004EA7A56BBE9207E3 /* Pods-userPostListApp.release.xcconfig */,
				45D0B5F5C00A6B790698B781 /* Pods-userPostListAppTests.debug.xcconfig */,
				0271322423A62944DD7A2FF6 /* Pods-userPostListAppTests.release.xcconfig */,
				7D089F0B8528E49A9EB186DE /* Pods-userPostListAppUITests.debug.xcconfig */,
				4CA146212A93117D138CAD1F /* Pods-userPostListAppUITests.release.xcconfig */,
			);
			name = Pods;
			sourceTree = "<group>";
		};
/* End PBXGroup section */

/* Begin PBXNativeTarget section */
		EC81845D1E5093B40096AB6A /* userPostListApp */ = {
			isa = PBXNativeTarget;
			buildConfigurationList = EC8184861E5093B40096AB6A /* Build configuration list for PBXNativeTarget "userPostListApp" */;
			buildPhases = (
				E2F7587681460684A2DD63AD /* [CP] Check Pods Manifest.lock */,
				EC81845A1E5093B40096AB6A /* Sources */,
				EC81845B1E5093B40096AB6A /* Frameworks */,
				EC81845C1E5093B40096AB6A /* Resources */,
				4C42FA49620AAD3D6D9CFDEA /* [CP] Embed Pods Frameworks */,
				9C4BBB3ABB415935FA8FAD00 /* [CP] Copy Pods Resources */,
			);
			buildRules = (
			);
			dependencies = (
			);
			name = userPostListApp;
			productName = userPostListApp;
			productReference = EC81845E1E5093B40096AB6A /* userPostListApp.app */;
			productType = "com.apple.product-type.application";
		};
		EC8184711E5093B40096AB6A /* userPostListAppTests */ = {
			isa = PBXNativeTarget;
			buildConfigurationList = EC8184891E5093B40096AB6A /* Build configuration list for PBXNativeTarget "userPostListAppTests" */;
			buildPhases = (
				A415B12C2F0E9FAEB77AAA39 /* [CP] Check Pods Manifest.lock */,
				EC81846E1E5093B40096AB6A /* Sources */,
				EC81846F1E5093B40096AB6A /* Frameworks */,
				EC8184701E5093B40096AB6A /* Resources */,
				0D28AA7C0D972B792F900890 /* [CP] Embed Pods Frameworks */,
				E6A4C6DF0775586A21917368 /* [CP] Copy Pods Resources */,
			);
			buildRules = (
			);
			dependencies = (
				EC8184741E5093B40096AB6A /* PBXTargetDependency */,
			);
			name = userPostListAppTests;
			productName = userPostListAppTests;
			productReference = EC8184721E5093B40096AB6A /* userPostListAppTests.xctest */;
			productType = "com.apple.product-type.bundle.unit-test";
		};
		EC81847C1E5093B40096AB6A /* userPostListAppUITests */ = {
			isa = PBXNativeTarget;
			buildConfigurationList = EC81848C1E5093B40096AB6A /* Build configuration list for PBXNativeTarget "userPostListAppUITests" */;
			buildPhases = (
				6737D2281445256308AB88FC /* [CP] Check Pods Manifest.lock */,
				EC8184791E5093B40096AB6A /* Sources */,
				EC81847A1E5093B40096AB6A /* Frameworks */,
				EC81847B1E5093B40096AB6A /* Resources */,
				06EF41266303FC32D3ABEF13 /* [CP] Copy Pods Resources */,
			);
			buildRules = (
			);
			dependencies = (
				EC81847F1E5093B40096AB6A /* PBXTargetDependency */,
			);
			name = userPostListAppUITests;
			productName = userPostListAppUITests;
			productReference = EC81847D1E5093B40096AB6A /* userPostListAppUITests.xctest */;
			productType = "com.apple.product-type.bundle.ui-testing";
		};
/* End PBXNativeTarget section */

/* Begin PBXProject section */
		EC8184561E5093B40096AB6A /* Project object */ = {
			isa = PBXProject;
			attributes = {
				LastSwiftUpdateCheck = 0820;
				LastUpgradeCheck = 0820;
				ORGANIZATIONNAME = "Ahmed Kotb";
				TargetAttributes = {
					EC81845D1E5093B40096AB6A = {
						CreatedOnToolsVersion = 8.2.1;
						LastSwiftMigration = 0820;
						ProvisioningStyle = Automatic;
					};
					EC8184711E5093B40096AB6A = {
						CreatedOnToolsVersion = 8.2.1;
						LastSwiftMigration = 0820;
						ProvisioningStyle = Automatic;
						TestTargetID = EC81845D1E5093B40096AB6A;
					};
					EC81847C1E5093B40096AB6A = {
						CreatedOnToolsVersion = 8.2.1;
						LastSwiftMigration = 0820;
						ProvisioningStyle = Automatic;
						TestTargetID = EC81845D1E5093B40096AB6A;
					};
				};
			};
			buildConfigurationList = EC8184591E5093B40096AB6A /* Build configuration list for PBXProject "userPostListApp" */;
			compatibilityVersion = "Xcode 3.2";
			developmentRegion = English;
			hasScannedForEncodings = 0;
			knownRegions = (
				en,
				Base,
			);
			mainGroup = EC8184551E5093B40096AB6A;
			productRefGroup = EC81845F1E5093B40096AB6A /* Products */;
			projectDirPath = "";
			projectRoot = "";
			targets = (
				EC81845D1E5093B40096AB6A /* userPostListApp */,
				EC8184711E5093B40096AB6A /* userPostListAppTests */,
				EC81847C1E5093B40096AB6A /* userPostListAppUITests */,
			);
		};
/* End PBXProject section */

/* Begin PBXResourcesBuildPhase section */
		EC81845C1E5093B40096AB6A /* Resources */ = {
			isa = PBXResourcesBuildPhase;
			buildActionMask = 2147483647;
			files = (
				EC81846C1E5093B40096AB6A /* LaunchScreen.storyboard in Resources */,
				EC8184691E5093B40096AB6A /* Assets.xcassets in Resources */,
				EC8184671E5093B40096AB6A /* Main.storyboard in Resources */,
			);
			runOnlyForDeploymentPostprocessing = 0;
		};
		EC8184701E5093B40096AB6A /* Resources */ = {
			isa = PBXResourcesBuildPhase;
			buildActionMask = 2147483647;
			files = (
			);
			runOnlyForDeploymentPostprocessing = 0;
		};
		EC81847B1E5093B40096AB6A /* Resources */ = {
			isa = PBXResourcesBuildPhase;
			buildActionMask = 2147483647;
			files = (
			);
			runOnlyForDeploymentPostprocessing = 0;
		};
/* End PBXResourcesBuildPhase section */

/* Begin PBXShellScriptBuildPhase section */
		06EF41266303FC32D3ABEF13 /* [CP] Copy Pods Resources */ = {
			isa = PBXShellScriptBuildPhase;
			buildActionMask = 2147483647;
			files = (
			);
			inputPaths = (
			);
			name = "[CP] Copy Pods Resources";
			outputPaths = (
			);
			runOnlyForDeploymentPostprocessing = 0;
			shellPath = /bin/sh;
			shellScript = "\"${SRCROOT}/Pods/Target Support Files/Pods-userPostListAppUITests/Pods-userPostListAppUITests-resources.sh\"\n";
			showEnvVarsInLog = 0;
		};
		0D28AA7C0D972B792F900890 /* [CP] Embed Pods Frameworks */ = {
			isa = PBXShellScriptBuildPhase;
			buildActionMask = 2147483647;
			files = (
			);
			inputPaths = (
			);
			name = "[CP] Embed Pods Frameworks";
			outputPaths = (
			);
			runOnlyForDeploymentPostprocessing = 0;
			shellPath = /bin/sh;
			shellScript = "\"${SRCROOT}/Pods/Target Support Files/Pods-userPostListAppTests/Pods-userPostListAppTests-frameworks.sh\"\n";
			showEnvVarsInLog = 0;
		};
		4C42FA49620AAD3D6D9CFDEA /* [CP] Embed Pods Frameworks */ = {
			isa = PBXShellScriptBuildPhase;
			buildActionMask = 2147483647;
			files = (
			);
			inputPaths = (
			);
			name = "[CP] Embed Pods Frameworks";
			outputPaths = (
			);
			runOnlyForDeploymentPostprocessing = 0;
			shellPath = /bin/sh;
			shellScript = "\"${SRCROOT}/Pods/Target Support Files/Pods-userPostListApp/Pods-userPostListApp-frameworks.sh\"\n";
			showEnvVarsInLog = 0;
		};
		6737D2281445256308AB88FC /* [CP] Check Pods Manifest.lock */ = {
			isa = PBXShellScriptBuildPhase;
			buildActionMask = 2147483647;
			files = (
			);
			inputPaths = (
			);
			name = "[CP] Check Pods Manifest.lock";
			outputPaths = (
			);
			runOnlyForDeploymentPostprocessing = 0;
			shellPath = /bin/sh;
			shellScript = "diff \"${PODS_ROOT}/../Podfile.lock\" \"${PODS_ROOT}/Manifest.lock\" > /dev/null\nif [[ $? != 0 ]] ; then\n    cat << EOM\nerror: The sandbox is not in sync with the Podfile.lock. Run 'pod install' or update your CocoaPods installation.\nEOM\n    exit 1\nfi\n";
			showEnvVarsInLog = 0;
		};
		9C4BBB3ABB415935FA8FAD00 /* [CP] Copy Pods Resources */ = {
			isa = PBXShellScriptBuildPhase;
			buildActionMask = 2147483647;
			files = (
			);
			inputPaths = (
			);
			name = "[CP] Copy Pods Resources";
			outputPaths = (
			);
			runOnlyForDeploymentPostprocessing = 0;
			shellPath = /bin/sh;
			shellScript = "\"${SRCROOT}/Pods/Target Support Files/Pods-userPostListApp/Pods-userPostListApp-resources.sh\"\n";
			showEnvVarsInLog = 0;
		};
		A415B12C2F0E9FAEB77AAA39 /* [CP] Check Pods Manifest.lock */ = {
			isa = PBXShellScriptBuildPhase;
			buildActionMask = 2147483647;
			files = (
			);
			inputPaths = (
			);
			name = "[CP] Check Pods Manifest.lock";
			outputPaths = (
			);
			runOnlyForDeploymentPostprocessing = 0;
			shellPath = /bin/sh;
			shellScript = "diff \"${PODS_ROOT}/../Podfile.lock\" \"${PODS_ROOT}/Manifest.lock\" > /dev/null\nif [[ $? != 0 ]] ; then\n    cat << EOM\nerror: The sandbox is not in sync with the Podfile.lock. Run 'pod install' or update your CocoaPods installation.\nEOM\n    exit 1\nfi\n";
			showEnvVarsInLog = 0;
		};
		E2F7587681460684A2DD63AD /* [CP] Check Pods Manifest.lock */ = {
			isa = PBXShellScriptBuildPhase;
			buildActionMask = 2147483647;
			files = (
			);
			inputPaths = (
			);
			name = "[CP] Check Pods Manifest.lock";
			outputPaths = (
			);
			runOnlyForDeploymentPostprocessing = 0;
			shellPath = /bin/sh;
			shellScript = "diff \"${PODS_ROOT}/../Podfile.lock\" \"${PODS_ROOT}/Manifest.lock\" > /dev/null\nif [[ $? != 0 ]] ; then\n    cat << EOM\nerror: The sandbox is not in sync with the Podfile.lock. Run 'pod install' or update your CocoaPods installation.\nEOM\n    exit 1\nfi\n";
			showEnvVarsInLog = 0;
		};
		E6A4C6DF0775586A21917368 /* [CP] Copy Pods Resources */ = {
			isa = PBXShellScriptBuildPhase;
			buildActionMask = 2147483647;
			files = (
			);
			inputPaths = (
			);
			name = "[CP] Copy Pods Resources";
			outputPaths = (
			);
			runOnlyForDeploymentPostprocessing = 0;
			shellPath = /bin/sh;
			shellScript = "\"${SRCROOT}/Pods/Target Support Files/Pods-userPostListAppTests/Pods-userPostListAppTests-resources.sh\"\n";
			showEnvVarsInLog = 0;
		};
/* End PBXShellScriptBuildPhase section */

/* Begin PBXSourcesBuildPhase section */
		EC81845A1E5093B40096AB6A /* Sources */ = {
			isa = PBXSourcesBuildPhase;
			buildActionMask = 2147483647;
			files = (
				EC8184941E509C310096AB6A /* UserCompany.swift in Sources */,
				EC8184921E509BF80096AB6A /* UserAddress.swift in Sources */,
				EC81849E1E50A25B0096AB6A /* UserTableViewCell.swift in Sources */,
				EC8184971E509DE50096AB6A /* UsersViewController.swift in Sources */,
				EC8184A51E50E9DE0096AB6A /* PostsViewController.swift in Sources */,
				EC8184621E5093B40096AB6A /* AppDelegate.swift in Sources */,
				EC8184A71E50EA300096AB6A /* PostsTableViewCell.swift in Sources */,
				EC8184991E509E500096AB6A /* webServiceManager.swift in Sources */,
				EC8184A21E50E4310096AB6A /* Post.swift in Sources */,
				EC8184901E509BC80096AB6A /* User.swift in Sources */,
				EC8184A01E50A7470096AB6A /* Constants.swift in Sources */,
			);
			runOnlyForDeploymentPostprocessing = 0;
		};
		EC81846E1E5093B40096AB6A /* Sources */ = {
			isa = PBXSourcesBuildPhase;
			buildActionMask = 2147483647;
			files = (
				EC8184771E5093B40096AB6A /* userPostListAppTests.swift in Sources */,
			);
			runOnlyForDeploymentPostprocessing = 0;
		};
		EC8184791E5093B40096AB6A /* Sources */ = {
			isa = PBXSourcesBuildPhase;
			buildActionMask = 2147483647;
			files = (
				EC8184821E5093B40096AB6A /* userPostListAppUITests.swift in Sources */,
			);
			runOnlyForDeploymentPostprocessing = 0;
		};
/* End PBXSourcesBuildPhase section */

/* Begin PBXTargetDependency section */
		EC8184741E5093B40096AB6A /* PBXTargetDependency */ = {
			isa = PBXTargetDependency;
			target = EC81845D1E5093B40096AB6A /* userPostListApp */;
			targetProxy = EC8184731E5093B40096AB6A /* PBXContainerItemProxy */;
		};
		EC81847F1E5093B40096AB6A /* PBXTargetDependency */ = {
			isa = PBXTargetDependency;
			target = EC81845D1E5093B40096AB6A /* userPostListApp */;
			targetProxy = EC81847E1E5093B40096AB6A /* PBXContainerItemProxy */;
		};
/* End PBXTargetDependency section */

/* Begin PBXVariantGroup section */
		EC8184651E5093B40096AB6A /* Main.storyboard */ = {
			isa = PBXVariantGroup;
			children = (
				EC8184661E5093B40096AB6A /* Base */,
			);
			name = Main.storyboard;
			sourceTree = "<group>";
		};
		EC81846A1E5093B40096AB6A /* LaunchScreen.storyboard */ = {
			isa = PBXVariantGroup;
			children = (
				EC81846B1E5093B40096AB6A /* Base */,
			);
			name = LaunchScreen.storyboard;
			sourceTree = "<group>";
		};
/* End PBXVariantGroup section */

/* Begin XCBuildConfiguration section */
		EC8184841E5093B40096AB6A /* Debug */ = {
			isa = XCBuildConfiguration;
			buildSettings = {
				ALWAYS_SEARCH_USER_PATHS = NO;
				CLANG_ANALYZER_NONNULL = YES;
				CLANG_CXX_LANGUAGE_STANDARD = "gnu++0x";
				CLANG_CXX_LIBRARY = "libc++";
				CLANG_ENABLE_MODULES = YES;
				CLANG_ENABLE_OBJC_ARC = YES;
				CLANG_WARN_BOOL_CONVERSION = YES;
				CLANG_WARN_CONSTANT_CONVERSION = YES;
				CLANG_WARN_DIRECT_OBJC_ISA_USAGE = YES_ERROR;
				CLANG_WARN_DOCUMENTATION_COMMENTS = YES;
				CLANG_WARN_EMPTY_BODY = YES;
				CLANG_WARN_ENUM_CONVERSION = YES;
				CLANG_WARN_INFINITE_RECURSION = YES;
				CLANG_WARN_INT_CONVERSION = YES;
				CLANG_WARN_OBJC_ROOT_CLASS = YES_ERROR;
				CLANG_WARN_SUSPICIOUS_MOVE = YES;
				CLANG_WARN_UNREACHABLE_CODE = YES;
				CLANG_WARN__DUPLICATE_METHOD_MATCH = YES;
				"CODE_SIGN_IDENTITY[sdk=iphoneos*]" = "iPhone Developer";
				COPY_PHASE_STRIP = NO;
				DEBUG_INFORMATION_FORMAT = dwarf;
				ENABLE_STRICT_OBJC_MSGSEND = YES;
				ENABLE_TESTABILITY = YES;
				GCC_C_LANGUAGE_STANDARD = gnu99;
				GCC_DYNAMIC_NO_PIC = NO;
				GCC_NO_COMMON_BLOCKS = YES;
				GCC_OPTIMIZATION_LEVEL = 0;
				GCC_PREPROCESSOR_DEFINITIONS = (
					"DEBUG=1",
					"$(inherited)",
				);
				GCC_WARN_64_TO_32_BIT_CONVERSION = YES;
				GCC_WARN_ABOUT_RETURN_TYPE = YES_ERROR;
				GCC_WARN_UNDECLARED_SELECTOR = YES;
				GCC_WARN_UNINITIALIZED_AUTOS = YES_AGGRESSIVE;
				GCC_WARN_UNUSED_FUNCTION = YES;
				GCC_WARN_UNUSED_VARIABLE = YES;
				IPHONEOS_DEPLOYMENT_TARGET = 10.2;
				MTL_ENABLE_DEBUG_INFO = YES;
				ONLY_ACTIVE_ARCH = YES;
				SDKROOT = iphoneos;
				SWIFT_ACTIVE_COMPILATION_CONDITIONS = DEBUG;
				SWIFT_OPTIMIZATION_LEVEL = "-Onone";
				TARGETED_DEVICE_FAMILY = "1,2";
			};
			name = Debug;
		};
		EC8184851E5093B40096AB6A /* Release */ = {
			isa = XCBuildConfiguration;
			buildSettings = {
				ALWAYS_SEARCH_USER_PATHS = NO;
				CLANG_ANALYZER_NONNULL = YES;
				CLANG_CXX_LANGUAGE_STANDARD = "gnu++0x";
				CLANG_CXX_LIBRARY = "libc++";
				CLANG_ENABLE_MODULES = YES;
				CLANG_ENABLE_OBJC_ARC = YES;
				CLANG_WARN_BOOL_CONVERSION = YES;
				CLANG_WARN_CONSTANT_CONVERSION = YES;
				CLANG_WARN_DIRECT_OBJC_ISA_USAGE = YES_ERROR;
				CLANG_WARN_DOCUMENTATION_COMMENTS = YES;
				CLANG_WARN_EMPTY_BODY = YES;
				CLANG_WARN_ENUM_CONVERSION = YES;
				CLANG_WARN_INFINITE_RECURSION = YES;
				CLANG_WARN_INT_CONVERSION = YES;
				CLANG_WARN_OBJC_ROOT_CLASS = YES_ERROR;
				CLANG_WARN_SUSPICIOUS_MOVE = YES;
				CLANG_WARN_UNREACHABLE_CODE = YES;
				CLANG_WARN__DUPLICATE_METHOD_MATCH = YES;
				"CODE_SIGN_IDENTITY[sdk=iphoneos*]" = "iPhone Developer";
				COPY_PHASE_STRIP = NO;
				DEBUG_INFORMATION_FORMAT = "dwarf-with-dsym";
				ENABLE_NS_ASSERTIONS = NO;
				ENABLE_STRICT_OBJC_MSGSEND = YES;
				GCC_C_LANGUAGE_STANDARD = gnu99;
				GCC_NO_COMMON_BLOCKS = YES;
				GCC_WARN_64_TO_32_BIT_CONVERSION = YES;
				GCC_WARN_ABOUT_RETURN_TYPE = YES_ERROR;
				GCC_WARN_UNDECLARED_SELECTOR = YES;
				GCC_WARN_UNINITIALIZED_AUTOS = YES_AGGRESSIVE;
				GCC_WARN_UNUSED_FUNCTION = YES;
				GCC_WARN_UNUSED_VARIABLE = YES;
				IPHONEOS_DEPLOYMENT_TARGET = 10.2;
				MTL_ENABLE_DEBUG_INFO = NO;
				SDKROOT = iphoneos;
				SWIFT_OPTIMIZATION_LEVEL = "-Owholemodule";
				TARGETED_DEVICE_FAMILY = "1,2";
				VALIDATE_PRODUCT = YES;
			};
			name = Release;
		};
		EC8184871E5093B40096AB6A /* Debug */ = {
			isa = XCBuildConfiguration;
			baseConfigurationReference = DBAEE5511753A0D9703AB37D /* Pods-userPostListApp.debug.xcconfig */;
			buildSettings = {
				ASSETCATALOG_COMPILER_APPICON_NAME = AppIcon;
				INFOPLIST_FILE = userPostListApp/Info.plist;
				LD_RUNPATH_SEARCH_PATHS = "$(inherited) @executable_path/Frameworks";
				PRODUCT_BUNDLE_IDENTIFIER = com.ahmedKotb.userPostListApp;
				PRODUCT_NAME = "$(TARGET_NAME)";
				SWIFT_VERSION = 3.0;
			};
			name = Debug;
		};
		EC8184881E5093B40096AB6A /* Release */ = {
			isa = XCBuildConfiguration;
			baseConfigurationReference = BEF0A0004EA7A56BBE9207E3 /* Pods-userPostListApp.release.xcconfig */;
			buildSettings = {
				ASSETCATALOG_COMPILER_APPICON_NAME = AppIcon;
				INFOPLIST_FILE = userPostListApp/Info.plist;
				LD_RUNPATH_SEARCH_PATHS = "$(inherited) @executable_path/Frameworks";
				PRODUCT_BUNDLE_IDENTIFIER = com.ahmedKotb.userPostListApp;
				PRODUCT_NAME = "$(TARGET_NAME)";
				SWIFT_VERSION = 3.0;
			};
			name = Release;
		};
		EC81848A1E5093B40096AB6A /* Debug */ = {
			isa = XCBuildConfiguration;
			baseConfigurationReference = 45D0B5F5C00A6B790698B781 /* Pods-userPostListAppTests.debug.xcconfig */;
			buildSettings = {
				ALWAYS_EMBED_SWIFT_STANDARD_LIBRARIES = YES;
				BUNDLE_LOADER = "$(TEST_HOST)";
				INFOPLIST_FILE = userPostListAppTests/Info.plist;
				LD_RUNPATH_SEARCH_PATHS = "$(inherited) @executable_path/Frameworks @loader_path/Frameworks";
				PRODUCT_BUNDLE_IDENTIFIER = com.ahmedKotb.userPostListAppTests;
				PRODUCT_NAME = "$(TARGET_NAME)";
				SWIFT_VERSION = 3.0;
				TEST_HOST = "$(BUILT_PRODUCTS_DIR)/userPostListApp.app/userPostListApp";
			};
			name = Debug;
		};
		EC81848B1E5093B40096AB6A /* Release */ = {
			isa = XCBuildConfiguration;
			baseConfigurationReference = 0271322423A62944DD7A2FF6 /* Pods-userPostListAppTests.release.xcconfig */;
			buildSettings = {
				ALWAYS_EMBED_SWIFT_STANDARD_LIBRARIES = YES;
				BUNDLE_LOADER = "$(TEST_HOST)";
				INFOPLIST_FILE = userPostListAppTests/Info.plist;
				LD_RUNPATH_SEARCH_PATHS = "$(inherited) @executable_path/Frameworks @loader_path/Frameworks";
				PRODUCT_BUNDLE_IDENTIFIER = com.ahmedKotb.userPostListAppTests;
				PRODUCT_NAME = "$(TARGET_NAME)";
				SWIFT_VERSION = 3.0;
				TEST_HOST = "$(BUILT_PRODUCTS_DIR)/userPostListApp.app/userPostListApp";
			};
			name = Release;
		};
		EC81848D1E5093B40096AB6A /* Debug */ = {
			isa = XCBuildConfiguration;
			baseConfigurationReference = 7D089F0B8528E49A9EB186DE /* Pods-userPostListAppUITests.debug.xcconfig */;
			buildSettings = {
				ALWAYS_EMBED_SWIFT_STANDARD_LIBRARIES = YES;
				INFOPLIST_FILE = userPostListAppUITests/Info.plist;
				LD_RUNPATH_SEARCH_PATHS = "$(inherited) @executable_path/Frameworks @loader_path/Frameworks";
				PRODUCT_BUNDLE_IDENTIFIER = com.ahmedKotb.userPostListAppUITests;
				PRODUCT_NAME = "$(TARGET_NAME)";
				SWIFT_VERSION = 3.0;
				TEST_TARGET_NAME = userPostListApp;
			};
			name = Debug;
		};
		EC81848E1E5093B40096AB6A /* Release */ = {
			isa = XCBuildConfiguration;
			baseConfigurationReference = 4CA146212A93117D138CAD1F /* Pods-userPostListAppUITests.release.xcconfig */;
			buildSettings = {
				ALWAYS_EMBED_SWIFT_STANDARD_LIBRARIES = YES;
				INFOPLIST_FILE = userPostListAppUITests/Info.plist;
				LD_RUNPATH_SEARCH_PATHS = "$(inherited) @executable_path/Frameworks @loader_path/Frameworks";
				PRODUCT_BUNDLE_IDENTIFIER = com.ahmedKotb.userPostListAppUITests;
				PRODUCT_NAME = "$(TARGET_NAME)";
				SWIFT_VERSION = 3.0;
				TEST_TARGET_NAME = userPostListApp;
			};
			name = Release;
		};
/* End XCBuildConfiguration section */

/* Begin XCConfigurationList section */
		EC8184591E5093B40096AB6A /* Build configuration list for PBXProject "userPostListApp" */ = {
			isa = XCConfigurationList;
			buildConfigurations = (
				EC8184841E5093B40096AB6A /* Debug */,
				EC8184851E5093B40096AB6A /* Release */,
			);
			defaultConfigurationIsVisible = 0;
			defaultConfigurationName = Release;
		};
		EC8184861E5093B40096AB6A /* Build configuration list for PBXNativeTarget "userPostListApp" */ = {
			isa = XCConfigurationList;
			buildConfigurations = (
				EC8184871E5093B40096AB6A /* Debug */,
				EC8184881E5093B40096AB6A /* Release */,
			);
			defaultConfigurationIsVisible = 0;
			defaultConfigurationName = Release;
		};
		EC8184891E5093B40096AB6A /* Build configuration list for PBXNativeTarget "userPostListAppTests" */ = {
			isa = XCConfigurationList;
			buildConfigurations = (
				EC81848A1E5093B40096AB6A /* Debug */,
				EC81848B1E5093B40096AB6A /* Release */,
			);
			defaultConfigurationIsVisible = 0;
			defaultConfigurationName = Release;
		};
		EC81848C1E5093B40096AB6A /* Build configuration list for PBXNativeTarget "userPostListAppUITests" */ = {
			isa = XCConfigurationList;
			buildConfigurations = (
				EC81848D1E5093B40096AB6A /* Debug */,
				EC81848E1E5093B40096AB6A /* Release */,
			);
			defaultConfigurationIsVisible = 0;
			defaultConfigurationName = Release;
		};
/* End XCConfigurationList section */
	};
	rootObject = EC8184561E5093B40096AB6A /* Project object */;
}
